github.com/bradleyfalzon/ghinstallation v0.1.2 h1:9fdqVadlvEX/EUts5/aIGvx2ujKnGNIMcuCuUrM6s6Q=
github.com/bradleyfalzon/ghinstallation v0.1.2/go.mod h1:VQsLlCoNa54/CNXcc2DuCfNZrZxqQcyPeqKUugF/2h8=
github.com/dgrijalva/jwt-go v3.2.0+incompatible h1:7qlOGliEKZXTDg6OTjfoBKDXWrumCAMpl/TFQ4/5kLM=
github.com/dgrijalva/jwt-go v3.2.0+incompatible/go.mod h1:E3ru+11k8xSBh+hMPgOLZmtrrCbhqsmaPHjLKYnJCaQ=
github.com/golang/protobuf v1.1.0 h1:0iH4Ffd/meGoXqF2lSAhZHt8X+cPgkfn/cb6Cce5Vpc=
github.com/golang/protobuf v1.1.0/go.mod h1:6lQm79b+lXiMfvg/cZm0SGofjICqVBUtrP5yJMmIC1U=
github.com/google/go-cmp v0.2.0 h1:+dTQ8DZQJz0Mb/HjFlkptS1FeQ4cWSnN941F8aEG4SQ=
github.com/google/go-cmp v0.2.0/go.mod h1:oXzfMopK8JAjlY9xF4vHSVASa0yLyX7SntLO5aqRK0M=
github.com/google/go-github v17.0.0+incompatible h1:N0LgJ1j65A7kfXrZnUDaYCs/Sf4rEjNlfyDHW9dolSY=
github.com/google/go-github v17.0.0+incompatible/go.mod h1:zLgOLi98H3fifZn+44m+umXrS52loVEgC2AApnigrVQ=
github.com/google/go-querystring v0.0.0-20170111101155-53e6ce116135 h1:zLTLjkaOFEFIOxY5BWLFLwh+cL8vOBW4XJ2aqLE/Tf0=
github.com/google/go-querystring v0.0.0-20170111101155-53e6ce116135/go.mod h1:odCYkC5MyYFN7vkCjXpyrEuKhc/BUO6wN/zVPAxq5ck=
github.com/haya14busa/errorformat v0.0.0-20180607161917-689b7d67b7a8 h1:PWjuWhRwYiC8LiS4MmRfhA0bovj56VK3uJ1lSGkXkSo=
github.com/haya14busa/errorformat v0.0.0-20180607161917-689b7d67b7a8/go.mod h1:TNvdwGsVM9pBShG9giP++XhdzBWSSKnvNAO9K7ERnyw=
github.com/haya14busa/secretbox v0.0.0-20180525171038-07c7ecf409f5 h1:ylgozezbuxA/i4uFtWCG/qGKYOZydsS8VUNNwfugn2Q=
github.com/haya14busa/secretbox v0.0.0-20180525171038-07c7ecf409f5/go.mod h1:FGO/dXIFZnan7KvvUSFk1hYMnoVNzB6NTMPrmke8SSI=
github.com/justinas/nosurf v0.0.0-20171023064657-7182011986c4 h1:zL6nij8mNcIiohuVdHfNDSVZOlVTSsUZXkb5v1Kudqk=
github.com/justinas/nosurf v0.0.0-20171023064657-7182011986c4/go.mod h1:Aucr5I5chr4OCuuVB4LTuHVrKHBuyRSo7vM2hqrcb7E=
github.com/kylelemons/godebug v0.0.0-20170820004349-d65d576e9348 h1:MtvEpTB6LX3vkb4ax0b5D2DHbNAUsen0Gx5wZoq3lV4=
github.com/kylelemons/godebug v0.0.0-20170820004349-d65d576e9348/go.mod h1:B69LEHPfb2qLo0BaaOLcbitczOKLWTsrBG9LczfCD4k=
github.com/mattn/go-shellwords v1.0.3 h1:K/VxK7SZ+cvuPgFSLKi5QPI9Vr/ipOf4C1gN+ntueUk=
github.com/mattn/go-shellwords v1.0.3/go.mod h1:3xCvwCdWdlDJUrvuMn7Wuy9eWs4pE8vqg+NOMyg4B2o=
github.com/xanzy/go-gitlab v0.10.6 h1:LbXDV2GU0P3QEA/zmiTRxVh3sqFqRFlk4/fb3rEIm2w=
github.com/xanzy/go-gitlab v0.10.6/go.mod h1:CRKHkvFWNU6C3AEfqLWjnCNnAs4nj8Zk95rX2S3X6Mw=
golang.org/x/crypto v0.0.0-20181025213731-e84da0312774 h1:a4tQYYYuK9QdeO/+kEvNYyuR21S+7ve5EANok6hABhI=
golang.org/x/crypto v0.0.0-20181025213731-e84da0312774/go.mod h1:6SG95UA2DQfeDnfUPMdvaQW0Q7yPrPDi9nlGo2tz2b4=
golang.org/x/net v0.0.0-20180621144259-afe8f62b1d6b h1:VgWwPFFrh6LyvObbug7TZtI8EX5zwx7WsS6Y4Bqezqo=
golang.org/x/net v0.0.0-20180621144259-afe8f62b1d6b/go.mod h1:mL1N/T3taQHkDXs73rZJwtUhF3w3ftmwwsq0BUmARs4=
golang.org/x/oauth2 v0.0.0-20180620175406-ef147856a6dd h1:QQhib242ErYDSMitlBm8V7wYCm/1a25hV8qMadIKLPA=
golang.org/x/oauth2 v0.0.0-20180620175406-ef147856a6dd/go.mod h1:N/0e6XlmueqKjAGxoOufVs8QHGRruUQn6yWY3a++T0U=
golang.org/x/sync v0.0.0-20180314180146-1d60e4601c6f h1:wMNYb4v58l5UBM7MYRLPG6ZhfOqbKu7X5eyFl8ZhKvA=
golang.org/x/sync v0.0.0-20180314180146-1d60e4601c6f/go.mod h1:RxMgew5VJxzue5/jJTE5uejpjVlOe/izrB70Jof72aM=
google.golang.org/appengine v1.1.0 h1:igQkv0AAhEIvTEpD5LIpAfav2eeVO9HBTjvKHVJPRSs=
google.golang.org/appengine v1.1.0/go.mod h1:EbEs0AVv82hx2wNQdGPgUI5lhzA/G0D9YwlJXL52JkM=
gopkg.in/check.v1 v0.0.0-20161208181325-20d25e280405 h1:yhCVgyC4o1eVCa2tZl7eS0r+SDo693bJlVdllGtEeKM=
gopkg.in/check.v1 v0.0.0-20161208181325-20d25e280405/go.mod h1:Co6ibVJAznAaIkqp8huTwlJQCZ016jof/cbN4VW5Yz0=
gopkg.in/yaml.v2 v2.2.1 h1:mUhvW9EsL+naU5Q3cakzfE91YhliOondGd6ZrsDBHQE=
gopkg.in/yaml.v2 v2.2.1/go.mod h1:hI93XBmqTisBFMUTm0b8Fm+jr3Dg1NNxqwp+5A1VGuI=
