# This file is autogenerated, do not edit; changes may be undone by the next 'dep ensure'.


[[projects]]
  digest = "1:8a527a9a281d4bd2e09539f503ad99ee9cc4c0ae768243e706683ddca997d556"
  name = "github.com/bradleyfalzon/ghinstallation"
  packages = ["."]
  pruneopts = ""
  revision = "3f4e9b1898e6b65e31827d5dccb97d91d59feaa3"
  version = "v0.1.2"

[[projects]]
  digest = "1:6098222470fe0172157ce9bbef5d2200df4edde17ee649c5d6e48330e4afa4c6"
  name = "github.com/dgrijalva/jwt-go"
  packages = ["."]
  pruneopts = ""
  revision = "06ea1031745cb8b3dab3f6a236daf2b0aa468b7e"
  version = "v3.2.0"

[[projects]]
  digest = "1:529d738b7976c3848cae5cf3a8036440166835e389c1f617af701eeb12a0518d"
  name = "github.com/golang/protobuf"
  packages = ["proto"]
  pruneopts = ""
  revision = "b5d812f8a3706043e23a9cd5babf2e5423744d30"
  version = "v1.3.1"

[[projects]]
  digest = "1:f9f45f75f332e03fc7e9fe9188ea4e1ce4d14779ef34fa1b023da67518e36327"
  name = "github.com/google/go-cmp"
  packages = [
    "cmp",
    "cmp/internal/diff",
    "cmp/internal/function",
    "cmp/internal/value",
  ]
  pruneopts = ""
  revision = "3af367b6b30c263d47e8895973edcca9a49cf029"
  version = "v0.2.0"

[[projects]]
  digest = "1:e38ad2825940d58bd8425be40bcd4211099d0c1988c158c35828197413b3cf85"
  name = "github.com/google/go-github"
  packages = ["github"]
  pruneopts = ""
  revision = "7462feb2032c2da9e3b85e9b04e6853a6e9e14ca"
  version = "v24.0.1"

[[projects]]
  digest = "1:cea4aa2038169ee558bf507d5ea02c94ca85bcca28a4c7bb99fd59b31e43a686"
  name = "github.com/google/go-querystring"
  packages = ["query"]
  pruneopts = ""
  revision = "44c6ddd0a2342c386950e880b658017258da92fc"
  version = "v1.0.0"

[[projects]]
  branch = "master"
  digest = "1:825151fc1df14d134ca4e18bac531030ab718b329ef2464846bbe004547d5220"
  name = "github.com/haya14busa/errorformat"
  packages = [
    ".",
    "fmts",
  ]
  pruneopts = ""
  revision = "689b7d67b7a82a9cae3d8bfcfa0f6f4b5790b88a"

[[projects]]
  branch = "master"
  digest = "1:c1cc4d39fa7ef04a2e11fdcf4b366a8e3b8a4960e524f7d364c1bf9312b36947"
  name = "github.com/haya14busa/secretbox"
  packages = ["."]
  pruneopts = ""
  revision = "07c7ecf409f5fff9b029e7ea44309226d25dd936"

[[projects]]
  branch = "master"
  digest = "1:7f2188c32f0bbe2ffb81609dd97fc227e3269b193b68d510f06ea07329ec1f9f"
  name = "github.com/justinas/nosurf"
  packages = ["."]
  pruneopts = ""
  revision = "6453469bdcc9a5da46b528edb797565bbd21c356"

[[projects]]
  branch = "master"
  digest = "1:ee97ec8a00b2424570c1ce53d7b410e96fbd4c241b29df134276ff6aa3750335"
  name = "github.com/kylelemons/godebug"
  packages = [
    "diff",
    "pretty",
  ]
  pruneopts = ""
  revision = "d65d576e9348f5982d7f6d83682b694e731a45c6"

[[projects]]
  digest = "1:0093a7c66d5b9e0cdaf4be5c20e0a9b889d1d839148eeed1d587e99b4cfd90ff"
  name = "github.com/mattn/go-shellwords"
  packages = ["."]
  pruneopts = ""
  revision = "a72fbe27a1b0ed0df2f02754945044ce1456608b"
  version = "v1.0.5"

[[projects]]
  digest = "1:9e0446b86e11cb3e483eaf46cd534386da799502d403f9d06143b27231e4ec69"
  name = "github.com/xanzy/go-gitlab"
  packages = ["."]
  pruneopts = ""
  revision = "be70cf752294cc5c6ee89a18d6ba0caca08aa5c7"
  version = "v0.16.1"

[[projects]]
  branch = "master"
  digest = "1:ab3e9a81a5ec54c5d1ed41d0d6898ba88c6799fa401b784b06bdee8e432d872b"
  name = "golang.org/x/crypto"
  packages = [
    "internal/subtle",
    "nacl/secretbox",
    "poly1305",
    "salsa20/salsa",
  ]
  pruneopts = ""
  revision = "a1f597ede03a7bef967a422b5b3a5bd08805a01e"

[[projects]]
  branch = "master"
  digest = "1:73e6624a8569db94b0d8f9b34052f73ef9598c380edbce36d89dbbc00941e976"
  name = "golang.org/x/net"
  packages = [
    "context",
    "context/ctxhttp",
  ]
  pruneopts = ""
  revision = "d196dffd7c2beec1957382065df08bcc353b9706"

[[projects]]
  branch = "master"
  digest = "1:ffae4a89b63a2c845533a393b3340f8696898b11b71da1b187f82f08135c23a0"
  name = "golang.org/x/oauth2"
  packages = [
    ".",
    "internal",
  ]
  pruneopts = ""
  revision = "e64efc72b421e893cbf63f17ba2221e7d6d0b0f3"

[[projects]]
  branch = "master"
  digest = "1:0142c968b74c157abbb0220c05fa2bdde8a3a4509d6134b35ef75d5b58afb721"
  name = "golang.org/x/sync"
  packages = ["errgroup"]
  pruneopts = ""
  revision = "e225da77a7e68af35c70ccbf71af2b83e6acac3c"

[[projects]]
  branch = "master"
  digest = "1:ff0bd364800b7ec504f142151d0c2fbe68841cd1dc1a506fae10eeddcae42e60"
  name = "golang.org/x/sys"
  packages = [
    "cpu",
    "unix",
  ]
  pruneopts = ""
  revision = "6c81ef8f67ca3f42fc9cd71dfbd5f35b0c4b5771"

[[projects]]
  digest = "1:cedccf16b71e86db87a24f8d4c70b0a855872eb967cb906a66b95de56aefbd0d"
  name = "gopkg.in/yaml.v2"
  packages = ["."]
  pruneopts = ""
  revision = "51d6538a90f86fe93ac480b35f37b2be17fef232"
  version = "v2.2.2"

[solve-meta]
  analyzer-name = "dep"
  analyzer-version = 1
  input-imports = [
    "github.com/bradleyfalzon/ghinstallation",
    "github.com/google/go-cmp/cmp",
    "github.com/google/go-github/github",
    "github.com/haya14busa/errorformat",
    "github.com/haya14busa/errorformat/fmts",
    "github.com/haya14busa/secretbox",
    "github.com/justinas/nosurf",
    "github.com/kylelemons/godebug/pretty",
    "github.com/mattn/go-shellwords",
    "github.com/xanzy/go-gitlab",
    "golang.org/x/net/context",
    "golang.org/x/oauth2",
    "golang.org/x/sync/errgroup",
    "gopkg.in/yaml.v2",
  ]
  solver-name = "gps-cdcl"
  solver-version = 1
